# This file is automatically @generated by Cargo.
# It is not intended for manual editing.
version = 4

[[package]]
name = "kd_build"
version = "3.0.0-alpha.2"
dependencies = [
 "kd_hash",
 "kd_jsonc",
]

[[package]]
name = "kd_config"
version = "3.0.0-alpha.2"
dependencies = [
 "kd_glob",
 "kd_jsonc",
 "kd_site",
]

[[package]]
name = "kd_core"
version = "3.0.0-alpha.2"
dependencies = [
 "kd_build",
 "kd_config",
 "kd_css",
 "kd_glob",
 "kd_hash",
 "kd_html",
 "kd_js",
 "kd_jsonc",
 "kd_pool",
 "kd_site",
 "kd_yaml",
]

[[package]]
name = "kd_css"
version = "3.0.0-alpha.2"

[[package]]
name = "kd_glob"
version = "3.0.0-alpha.2"

[[package]]
name = "kd_hash"
version = "3.0.0-alpha.2"

[[package]]
name = "kd_html"
version = "3.0.0-alpha.2"
dependencies = [
 "kd_image",
]

[[package]]
name = "kd_image"
version = "3.0.0-alpha.2"

[[package]]
name = "kd_js"
version = "3.0.0-alpha.2"

[[package]]
name = "kd_jsonc"
version = "3.0.0-alpha.2"

[[package]]
name = "kd_napi"
version = "3.0.0-alpha.2"
dependencies = [
 "kd_core",
 "kd_hash",
 "kd_jsonc",
]

[[package]]
name = "kd_pool"
version = "3.0.0-alpha.2"

[[package]]
name = "kd_site"
version = "3.0.0-alpha.2"
dependencies = [
 "kd_glob",
 "kd_jsonc",
]

[[package]]
name = "kd_yaml"
version = "3.0.0-alpha.2"
dependencies = [
 "kd_jsonc",
]
